// !$*UTF8*$!
{
	archiveVersion = 1;
	classes = {
	};
	objectVersion = 46;
	objects = {

/* Begin PBXBuildFile section */
		D2AF39C31D5FD38E00D494C6 /* main.cpp in Sources */ = {isa = PBXBuildFile; fileRef = D2AF39C21D5FD38E00D494C6 /* main.cpp */; };
/* End PBXBuildFile section */

/* Begin PBXCopyFilesBuildPhase section */
		D2AF39BD1D5FD38E00D494C6 /* CopyFiles */ = {
			isa = PBXCopyFilesBuildPhase;
			buildActionMask = 2147483647;
			dstPath = /usr/share/man/man1/;
			dstSubfolderSpec = 0;
			files = (
			);
			runOnlyForDeploymentPostprocessing = 1;
		};
/* End PBXCopyFilesBuildPhase section */

/* Begin PBXFileReference section */
		D23C08671D611FDA00A8D669 /* Texture.h */ = {isa = PBXFileReference; lastKnownFileType = sourcecode.c.h; path = Texture.h; sourceTree = "<group>"; };
		D23C08681D61C7D900A8D669 /* Perlin.h */ = {isa = PBXFileReference; lastKnownFileType = sourcecode.c.h; path = Perlin.h; sourceTree = "<group>"; };
		D2AF39BF1D5FD38E00D494C6 /* Culprit */ = {isa = PBXFileReference; explicitFileType = "compiled.mach-o.executable"; includeInIndex = 0; path = Culprit; sourceTree = BUILT_PRODUCTS_DIR; };
		D2AF39C21D5FD38E00D494C6 /* main.cpp */ = {isa = PBXFileReference; lastKnownFileType = sourcecode.cpp.cpp; path = main.cpp; sourceTree = "<group>"; };
		D2AF39CB1D5FD92000D494C6 /* Vec3.h */ = {isa = PBXFileReference; fileEncoding = 4; lastKnownFileType = sourcecode.c.h; path = Vec3.h; sourceTree = "<group>"; };
		D2AF39CD1D5FEEAE00D494C6 /* Ray.h */ = {isa = PBXFileReference; lastKnownFileType = sourcecode.c.h; path = Ray.h; sourceTree = "<group>"; };
		D2AF39CE1D5FEECF00D494C6 /* Hitable.h */ = {isa = PBXFileReference; lastKnownFileType = sourcecode.c.h; path = Hitable.h; sourceTree = "<group>"; };
		D2AF39CF1D5FEF7F00D494C6 /* Sphere.h */ = {isa = PBXFileReference; lastKnownFileType = sourcecode.c.h; path = Sphere.h; sourceTree = "<group>"; };
		D2AF39D01D5FF1E600D494C6 /* HitableList.h */ = {isa = PBXFileReference; lastKnownFileType = sourcecode.c.h; path = HitableList.h; sourceTree = "<group>"; };
		D2AF39D11D5FF66200D494C6 /* Camera.h */ = {isa = PBXFileReference; lastKnownFileType = sourcecode.c.h; path = Camera.h; sourceTree = "<group>"; };
		D2AF39D21D5FFFA200D494C6 /* Material.h */ = {isa = PBXFileReference; lastKnownFileType = sourcecode.c.h; path = Material.h; sourceTree = "<group>"; };
		D2AF39D41D6045E100D494C6 /* AABB.h */ = {isa = PBXFileReference; lastKnownFileType = sourcecode.c.h; path = AABB.h; sourceTree = "<group>"; };
		D2AF39D51D60524600D494C6 /* BVHNode.h */ = {isa = PBXFileReference; lastKnownFileType = sourcecode.c.h; path = BVHNode.h; sourceTree = "<group>"; };
/* End PBXFileReference section */

/* Begin PBXFrameworksBuildPhase section */
		D2AF39BC1D5FD38E00D494C6 /* Frameworks */ = {
			isa = PBXFrameworksBuildPhase;
			buildActionMask = 2147483647;
			files = (
			);
			runOnlyForDeploymentPostprocessing = 0;
		};
/* End PBXFrameworksBuildPhase section */

/* Begin PBXGroup section */
		D2AF39B61D5FD38E00D494C6 = {
			isa = PBXGroup;
			children = (
				D2AF39C11D5FD38E00D494C6 /* Culprit */,
				D2AF39C01D5FD38E00D494C6 /* Products */,
			);
			sourceTree = "<group>";
		};
		D2AF39C01D5FD38E00D494C6 /* Products */ = {
			isa = PBXGroup;
			children = (
				D2AF39BF1D5FD38E00D494C6 /* Culprit */,
			);
			name = Products;
			sourceTree = "<group>";
		};
		D2AF39C11D5FD38E00D494C6 /* Culprit */ = {
			isa = PBXGroup;
			children = (
				D2AF39D41D6045E100D494C6 /* AABB.h */,
				D2AF39D51D60524600D494C6 /* BVHNode.h */,
				D2AF39D11D5FF66200D494C6 /* Camera.h */,
				D2AF39CE1D5FEECF00D494C6 /* Hitable.h */,
				D2AF39D01D5FF1E600D494C6 /* HitableList.h */,
				D2AF39C21D5FD38E00D494C6 /* main.cpp */,
				D2AF39D21D5FFFA200D494C6 /* Material.h */,
				D23C08681D61C7D900A8D669 /* Perlin.h */,
				D2AF39CD1D5FEEAE00D494C6 /* Ray.h */,
				D2AF39CF1D5FEF7F00D494C6 /* Sphere.h */,
				D23C08671D611FDA00A8D669 /* Texture.h */,
				D2AF39CB1D5FD92000D494C6 /* Vec3.h */,
			);
			path = Culprit;
			sourceTree = "<group>";
		};
/* End PBXGroup section */

/* Begin PBXNativeTarget section */
		D2AF39BE1D5FD38E00D494C6 /* Culprit */ = {
			isa = PBXNativeTarget;
			buildConfigurationList = D2AF39C61D5FD38E00D494C6 /* Build configuration list for PBXNativeTarget "Culprit" */;
			buildPhases = (
				D2AF39BB1D5FD38E00D494C6 /* Sources */,
				D2AF39BC1D5FD38E00D494C6 /* Frameworks */,
				D2AF39BD1D5FD38E00D494C6 /* CopyFiles */,
			);
			buildRules = (
			);
			dependencies = (
			);
			name = Culprit;
			productName = Culprit;
			productReference = D2AF39BF1D5FD38E00D494C6 /* Culprit */;
			productType = "com.apple.product-type.tool";
		};
/* End PBXNativeTarget section */

/* Begin PBXProject section */
		D2AF39B71D5FD38E00D494C6 /* Project object */ = {
			isa = PBXProject;
			attributes = {
				LastUpgradeCheck = 0730;
				ORGANIZATIONNAME = Harpers;
				TargetAttributes = {
					D2AF39BE1D5FD38E00D494C6 = {
						CreatedOnToolsVersion = 7.3.1;
					};
				};
			};
			buildConfigurationList = D2AF39BA1D5FD38E00D494C6 /* Build configuration list for PBXProject "Culprit" */;
			compatibilityVersion = "Xcode 3.2";
			developmentRegion = English;
			hasScannedForEncodings = 0;
			knownRegions = (
				en,
			);
			mainGroup = D2AF39B61D5FD38E00D494C6;
			productRefGroup = D2AF39C01D5FD38E00D494C6 /* Products */;
			projectDirPath = "";
			projectRoot = "";
			targets = (
				D2AF39BE1D5FD38E00D494C6 /* Culprit */,
			);
		};
/* End PBXProject section */

/* Begin PBXSourcesBuildPhase section */
		D2AF39BB1D5FD38E00D494C6 /* Sources */ = {
			isa = PBXSourcesBuildPhase;
			buildActionMask = 2147483647;
			files = (
				D2AF39C31D5FD38E00D494C6 /* main.cpp in Sources */,
			);
			runOnlyForDeploymentPostprocessing = 0;
		};
/* End PBXSourcesBuildPhase section */

/* Begin XCBuildConfiguration section */
		D2AF39C41D5FD38E00D494C6 /* Debug */ = {
			isa = XCBuildConfiguration;
			buildSettings = {
				ALWAYS_SEARCH_USER_PATHS = NO;
				CLANG_ANALYZER_NONNULL = YES;
				CLANG_CXX_LANGUAGE_STANDARD = "gnu++0x";
				CLANG_CXX_LIBRARY = "libc++";
				CLANG_ENABLE_MODULES = YES;
				CLANG_ENABLE_OBJC_ARC = YES;
				CLANG_WARN_BOOL_CONVERSION = YES;
				CLANG_WARN_CONSTANT_CONVERSION = YES;
				CLANG_WARN_DIRECT_OBJC_ISA_USAGE = YES_ERROR;
				CLANG_WARN_EMPTY_BODY = YES;
				CLANG_WARN_ENUM_CONVERSION = YES;
				CLANG_WARN_INT_CONVERSION = YES;
				CLANG_WARN_OBJC_ROOT_CLASS = YES_ERROR;
				CLANG_WARN_UNREACHABLE_CODE = YES;
				CLANG_WARN__DUPLICATE_METHOD_MATCH = YES;
				CODE_SIGN_IDENTITY = "-";
				COPY_PHASE_STRIP = NO;
				DEBUG_INFORMATION_FORMAT = dwarf;
				ENABLE_STRICT_OBJC_MSGSEND = YES;
				ENABLE_TESTABILITY = YES;
				GCC_C_LANGUAGE_STANDARD = gnu99;
				GCC_DYNAMIC_NO_PIC = NO;
				GCC_NO_COMMON_BLOCKS = YES;
				GCC_OPTIMIZATION_LEVEL = 0;
				GCC_PREPROCESSOR_DEFINITIONS = (
					"DEBUG=1",
					"$(inherited)",
				);
				GCC_WARN_64_TO_32_BIT_CONVERSION = YES;
				GCC_WARN_ABOUT_RETURN_TYPE = YES_ERROR;
				GCC_WARN_UNDECLARED_SELECTOR = YES;
				GCC_WARN_UNINITIALIZED_AUTOS = YES_AGGRESSIVE;
				GCC_WARN_UNUSED_FUNCTION = YES;
				GCC_WARN_UNUSED_VARIABLE = YES;
				MACOSX_DEPLOYMENT_TARGET = 10.11;
				MTL_ENABLE_DEBUG_INFO = YES;
				ONLY_ACTIVE_ARCH = YES;
				SDKROOT = macosx;
			};
			name = Debug;
		};
		D2AF39C51D5FD38E00D494C6 /* Release */ = {
			isa = XCBuildConfiguration;
			buildSettings = {
				ALWAYS_SEARCH_USER_PATHS = NO;
				CLANG_ANALYZER_NONNULL = YES;
				CLANG_CXX_LANGUAGE_STANDARD = "gnu++0x";
				CLANG_CXX_LIBRARY = "libc++";
				CLANG_ENABLE_MODULES = YES;
				CLANG_ENABLE_OBJC_ARC = YES;
				CLANG_WARN_BOOL_CONVERSION = YES;
				CLANG_WARN_CONSTANT_CONVERSION = YES;
				CLANG_WARN_DIRECT_OBJC_ISA_USAGE = YES_ERROR;
				CLANG_WARN_EMPTY_BODY = YES;
				CLANG_WARN_ENUM_CONVERSION = YES;
				CLANG_WARN_INT_CONVERSION = YES;
				CLANG_WARN_OBJC_ROOT_CLASS = YES_ERROR;
				CLANG_WARN_UNREACHABLE_CODE = YES;
				CLANG_WARN__DUPLICATE_METHOD_MATCH = YES;
				CODE_SIGN_IDENTITY = "-";
				COPY_PHASE_STRIP = NO;
				DEBUG_INFORMATION_FORMAT = "dwarf-with-dsym";
				ENABLE_NS_ASSERTIONS = NO;
				ENABLE_STRICT_OBJC_MSGSEND = YES;
				GCC_C_LANGUAGE_STANDARD = gnu99;
				GCC_NO_COMMON_BLOCKS = YES;
				GCC_WARN_64_TO_32_BIT_CONVERSION = YES;
				GCC_WARN_ABOUT_RETURN_TYPE = YES_ERROR;
				GCC_WARN_UNDECLARED_SELECTOR = YES;
				GCC_WARN_UNINITIALIZED_AUTOS = YES_AGGRESSIVE;
				GCC_WARN_UNUSED_FUNCTION = YES;
				GCC_WARN_UNUSED_VARIABLE = YES;
				MACOSX_DEPLOYMENT_TARGET = 10.11;
				MTL_ENABLE_DEBUG_INFO = NO;
				SDKROOT = macosx;
			};
			name = Release;
		};
		D2AF39C71D5FD38E00D494C6 /* Debug */ = {
			isa = XCBuildConfiguration;
			buildSettings = {
				PRODUCT_NAME = "$(TARGET_NAME)";
			};
			name = Debug;
		};
		D2AF39C81D5FD38E00D494C6 /* Release */ = {
			isa = XCBuildConfiguration;
			buildSettings = {
				PRODUCT_NAME = "$(TARGET_NAME)";
			};
			name = Release;
		};
/* End XCBuildConfiguration section */

/* Begin XCConfigurationList section */
		D2AF39BA1D5FD38E00D494C6 /* Build configuration list for PBXProject "Culprit" */ = {
			isa = XCConfigurationList;
			buildConfigurations = (
				D2AF39C41D5FD38E00D494C6 /* Debug */,
				D2AF39C51D5FD38E00D494C6 /* Release */,
			);
			defaultConfigurationIsVisible = 0;
			defaultConfigurationName = Release;
		};
		D2AF39C61D5FD38E00D494C6 /* Build configuration list for PBXNativeTarget "Culprit" */ = {
			isa = XCConfigurationList;
			buildConfigurations = (
				D2AF39C71D5FD38E00D494C6 /* Debug */,
				D2AF39C81D5FD38E00D494C6 /* Release */,
			);
			defaultConfigurationIsVisible = 0;
			defaultConfigurationName = Release;
		};
/* End XCConfigurationList section */
	};
	rootObject = D2AF39B71D5FD38E00D494C6 /* Project object */;
}
